
Microsoft Visual Studio Solution File, Format Version 12.00
# Visual Studio Version 16
VisualStudioVersion = 16.0.31025.194
MinimumVisualStudioVersion = 10.0.40219.1
Project("{9A19103F-16F7-4668-BE54-9A1E7A4F7556}") = "Envana.Reporting", "Envana.Reporting\Envana.Reporting.csproj", "{9684A71C-D6B9-4DB0-AE04-F8A172699031}"
EndProject
Project("{9A19103F-16F7-4668-BE54-9A1E7A4F7556}") = "Envana.Reporting.App", "Envana.Reporting.App\Envana.Reporting.App.csproj", "{12ADFA1F-FB08-4160-AC40-1F2DF4CCC3A7}"
EndProject
Project("{FAE04EC0-301F-11D3-BF4B-00C04F79EFBC}") = "Envana.Reporting.Test", "Envana.Reporting.Test\Envana.Reporting.Test.csproj", "{27517DD7-2F90-483B-BA58-8B108E3B425B}"
EndProject
Global
	GlobalSection(SolutionConfigurationPlatforms) = preSolution
		Debug|Any CPU = Debug|Any CPU
		Release|Any CPU = Release|Any CPU
	EndGlobalSection
	GlobalSection(ProjectConfigurationPlatforms) = postSolution
		{9684A71C-D6B9-4DB0-AE04-F8A172699031}.Debug|Any CPU.ActiveCfg = Debug|Any CPU
		{9684A71C-D6B9-4DB0-AE04-F8A172699031}.Debug|Any CPU.Build.0 = Debug|Any CPU
		{9684A71C-D6B9-4DB0-AE04-F8A172699031}.Release|Any CPU.ActiveCfg = Release|Any CPU
		{9684A71C-D6B9-4DB0-AE04-F8A172699031}.Release|Any CPU.Build.0 = Release|Any CPU
		{12ADFA1F-FB08-4160-AC40-1F2DF4CCC3A7}.Debug|Any CPU.ActiveCfg = Debug|Any CPU
		{12ADFA1F-FB08-4160-AC40-1F2DF4CCC3A7}.Debug|Any CPU.Build.0 = Debug|Any CPU
		{12ADFA1F-FB08-4160-AC40-1F2DF4CCC3A7}.Release|Any CPU.ActiveCfg = Release|Any CPU
		{12ADFA1F-FB08-4160-AC40-1F2DF4CCC3A7}.Release|Any CPU.Build.0 = Release|Any CPU
		{27517DD7-2F90-483B-BA58-8B108E3B425B}.Debug|Any CPU.ActiveCfg = Debug|Any CPU
		{27517DD7-2F90-483B-BA58-8B108E3B425B}.Debug|Any CPU.Build.0 = Debug|Any CPU
		{27517DD7-2F90-483B-BA58-8B108E3B425B}.Release|Any CPU.ActiveCfg = Release|Any CPU
		{27517DD7-2F90-483B-BA58-8B108E3B425B}.Release|Any CPU.Build.0 = Release|Any CPU
	EndGlobalSection
	GlobalSection(SolutionProperties) = preSolution
		HideSolutionNode = FALSE
	EndGlobalSection
	GlobalSection(ExtensibilityGlobals) = postSolution
		SolutionGuid = {91334FE2-4280-4F77-9F44-A27461044A64}
	EndGlobalSection
EndGlobal
